// !$*UTF8*$!
{
	archiveVersion = 1;
	classes = {
	};
	objectVersion = 53;
	objects = {

/* Begin PBXBuildFile section */
		D0118D542A5C51C3000750A3 /* ControlsView.swift in Sources */ = {isa = PBXBuildFile; fileRef = D0118D532A5C51C3000750A3 /* ControlsView.swift */; };
		D0118D9A2A5C643C000750A3 /* Main.storyboard in Resources */ = {isa = PBXBuildFile; fileRef = D0118D992A5C643C000750A3 /* Main.storyboard */; };
		D0118D9E2A5C7B7A000750A3 /* DotAnnotationView.swift in Sources */ = {isa = PBXBuildFile; fileRef = D0118D9D2A5C7B7A000750A3 /* DotAnnotationView.swift */; };
		D0118DA12A6B3990000750A3 /* CLLocation+Equabable.swift in Sources */ = {isa = PBXBuildFile; fileRef = D0118DA02A6B3990000750A3 /* CLLocation+Equabable.swift */; };
		D067AE5D2AAA3E3500DC8C31 /* CalendarMgr.swift in Sources */ = {isa = PBXBuildFile; fileRef = D067AE5C2AAA3E3500DC8C31 /* CalendarMgr.swift */; };
		D07471B92A39050D00B20AD1 /* StreetSweepMgr.swift in Sources */ = {isa = PBXBuildFile; fileRef = D07471B82A39050D00B20AD1 /* StreetSweepMgr.swift */; };
		D07471BF2A3CF66D00B20AD1 /* Config.swift in Sources */ = {isa = PBXBuildFile; fileRef = D07471BE2A3CF66D00B20AD1 /* Config.swift */; };
		D07471C22A3D21C600B20AD1 /* streetsweeping.xcdatamodeld in Sources */ = {isa = PBXBuildFile; fileRef = D07471C02A3D21C600B20AD1 /* streetsweeping.xcdatamodeld */; };
		D07471C42A3DAEF500B20AD1 /* RowStreetSweeping.swift in Sources */ = {isa = PBXBuildFile; fileRef = D07471C32A3DAEF500B20AD1 /* RowStreetSweeping.swift */; };
		D07471C62A3E253F00B20AD1 /* sweep_schedule_sf.db in Resources */ = {isa = PBXBuildFile; fileRef = D07471C52A3E253F00B20AD1 /* sweep_schedule_sf.db */; };
		D0AF1DA92A6F2C6000D0FAE5 /* vectors.swift in Sources */ = {isa = PBXBuildFile; fileRef = D0AF1DA82A6F2C6000D0FAE5 /* vectors.swift */; };
		D0D2BD3925F2EF2A009B8BDF /* AppDelegate.swift in Sources */ = {isa = PBXBuildFile; fileRef = D0D2BD3825F2EF2A009B8BDF /* AppDelegate.swift */; };
		D0D2BD3B25F2EF2A009B8BDF /* SceneDelegate.swift in Sources */ = {isa = PBXBuildFile; fileRef = D0D2BD3A25F2EF2A009B8BDF /* SceneDelegate.swift */; };
		D0D2BD3D25F2EF2A009B8BDF /* ViewController.swift in Sources */ = {isa = PBXBuildFile; fileRef = D0D2BD3C25F2EF2A009B8BDF /* ViewController.swift */; };
		D0D2BD4225F2EF2B009B8BDF /* Assets.xcassets in Resources */ = {isa = PBXBuildFile; fileRef = D0D2BD4125F2EF2B009B8BDF /* Assets.xcassets */; };
		D0D2BD4525F2EF2B009B8BDF /* LaunchScreen.storyboard in Resources */ = {isa = PBXBuildFile; fileRef = D0D2BD4325F2EF2B009B8BDF /* LaunchScreen.storyboard */; };
		D0D2BD4D25F2EF56009B8BDF /* ViewModel.swift in Sources */ = {isa = PBXBuildFile; fileRef = D0D2BD4C25F2EF56009B8BDF /* ViewModel.swift */; };
		D0D2BD4F25F2F014009B8BDF /* MyLocationManager.swift in Sources */ = {isa = PBXBuildFile; fileRef = D0D2BD4E25F2F014009B8BDF /* MyLocationManager.swift */; };
		D0D2BD5125F5821C009B8BDF /* LocationLog.swift in Sources */ = {isa = PBXBuildFile; fileRef = D0D2BD5025F5821C009B8BDF /* LocationLog.swift */; };
		D0D2BD5325F6D0F1009B8BDF /* Settings.swift in Sources */ = {isa = PBXBuildFile; fileRef = D0D2BD5225F6D0F1009B8BDF /* Settings.swift */; };
		D0D2BD5525F6E6E7009B8BDF /* InputViewWithLabel.swift in Sources */ = {isa = PBXBuildFile; fileRef = D0D2BD5425F6E6E7009B8BDF /* InputViewWithLabel.swift */; };
		E80E37476F02BFCE340ED478 /* Pods_GPSDemoApp.framework in Frameworks */ = {isa = PBXBuildFile; fileRef = C5E16D3C650DB9B1CF02254A /* Pods_GPSDemoApp.framework */; };
/* End PBXBuildFile section */

/* Begin PBXFileReference section */
		22846B7185D5FD2A31037B48 /* Pods-GPSDemoApp.release.xcconfig */ = {isa = PBXFileReference; includeInIndex = 1; lastKnownFileType = text.xcconfig; name = "Pods-GPSDemoApp.release.xcconfig"; path = "Target Support Files/Pods-GPSDemoApp/Pods-GPSDemoApp.release.xcconfig"; sourceTree = "<group>"; };
		90F22A705D9754BAA81B877A /* Pods-GPSDemoApp.debug.xcconfig */ = {isa = PBXFileReference; includeInIndex = 1; lastKnownFileType = text.xcconfig; name = "Pods-GPSDemoApp.debug.xcconfig"; path = "Target Support Files/Pods-GPSDemoApp/Pods-GPSDemoApp.debug.xcconfig"; sourceTree = "<group>"; };
		C5E16D3C650DB9B1CF02254A /* Pods_GPSDemoApp.framework */ = {isa = PBXFileReference; explicitFileType = wrapper.framework; includeInIndex = 0; path = Pods_GPSDemoApp.framework; sourceTree = BUILT_PRODUCTS_DIR; };
		D0118D532A5C51C3000750A3 /* ControlsView.swift */ = {isa = PBXFileReference; lastKnownFileType = sourcecode.swift; path = ControlsView.swift; sourceTree = "<group>"; };
		D0118D992A5C643C000750A3 /* Main.storyboard */ = {isa = PBXFileReference; fileEncoding = 4; lastKnownFileType = file.storyboard; path = Main.storyboard; sourceTree = "<group>"; };
		D0118D9D2A5C7B7A000750A3 /* DotAnnotationView.swift */ = {isa = PBXFileReference; lastKnownFileType = sourcecode.swift; path = DotAnnotationView.swift; sourceTree = "<group>"; };
		D0118DA02A6B3990000750A3 /* CLLocation+Equabable.swift */ = {isa = PBXFileReference; lastKnownFileType = sourcecode.swift; path = "CLLocation+Equabable.swift"; sourceTree = "<group>"; };
		D067AE5C2AAA3E3500DC8C31 /* CalendarMgr.swift */ = {isa = PBXFileReference; lastKnownFileType = sourcecode.swift; path = CalendarMgr.swift; sourceTree = "<group>"; };
		D07471B82A39050D00B20AD1 /* StreetSweepMgr.swift */ = {isa = PBXFileReference; lastKnownFileType = sourcecode.swift; path = StreetSweepMgr.swift; sourceTree = "<group>"; };
		D07471BA2A390A6300B20AD1 /* Street_Sweeping_Schedule_sf.csv */ = {isa = PBXFileReference; lastKnownFileType = text; path = Street_Sweeping_Schedule_sf.csv; sourceTree = SOURCE_ROOT; };
		D07471BC2A395C6700B20AD1 /* CSV.framework */ = {isa = PBXFileReference; explicitFileType = wrapper.framework; path = CSV.framework; sourceTree = BUILT_PRODUCTS_DIR; };
		D07471BE2A3CF66D00B20AD1 /* Config.swift */ = {isa = PBXFileReference; lastKnownFileType = sourcecode.swift; path = Config.swift; sourceTree = "<group>"; };
		D07471C12A3D21C600B20AD1 /* streetsweeping.xcdatamodel */ = {isa = PBXFileReference; lastKnownFileType = wrapper.xcdatamodel; path = streetsweeping.xcdatamodel; sourceTree = "<group>"; };
		D07471C32A3DAEF500B20AD1 /* RowStreetSweeping.swift */ = {isa = PBXFileReference; lastKnownFileType = sourcecode.swift; path = RowStreetSweeping.swift; sourceTree = "<group>"; };
		D07471C52A3E253F00B20AD1 /* sweep_schedule_sf.db */ = {isa = PBXFileReference; lastKnownFileType = file; path = sweep_schedule_sf.db; sourceTree = SOURCE_ROOT; };
		D0AF1DA82A6F2C6000D0FAE5 /* vectors.swift */ = {isa = PBXFileReference; lastKnownFileType = sourcecode.swift; path = vectors.swift; sourceTree = "<group>"; };
		D0D2BD3525F2EF2A009B8BDF /* GPSDemoApp.app */ = {isa = PBXFileReference; explicitFileType = wrapper.application; includeInIndex = 0; path = GPSDemoApp.app; sourceTree = BUILT_PRODUCTS_DIR; };
		D0D2BD3825F2EF2A009B8BDF /* AppDelegate.swift */ = {isa = PBXFileReference; lastKnownFileType = sourcecode.swift; path = AppDelegate.swift; sourceTree = "<group>"; };
		D0D2BD3A25F2EF2A009B8BDF /* SceneDelegate.swift */ = {isa = PBXFileReference; lastKnownFileType = sourcecode.swift; path = SceneDelegate.swift; sourceTree = "<group>"; };
		D0D2BD3C25F2EF2A009B8BDF /* ViewController.swift */ = {isa = PBXFileReference; lastKnownFileType = sourcecode.swift; path = ViewController.swift; sourceTree = "<group>"; };
		D0D2BD4125F2EF2B009B8BDF /* Assets.xcassets */ = {isa = PBXFileReference; lastKnownFileType = folder.assetcatalog; path = Assets.xcassets; sourceTree = "<group>"; };
		D0D2BD4425F2EF2B009B8BDF /* Base */ = {isa = PBXFileReference; lastKnownFileType = file.storyboard; name = Base; path = Base.lproj/LaunchScreen.storyboard; sourceTree = "<group>"; };
		D0D2BD4C25F2EF56009B8BDF /* ViewModel.swift */ = {isa = PBXFileReference; lastKnownFileType = sourcecode.swift; path = ViewModel.swift; sourceTree = "<group>"; };
		D0D2BD4E25F2F014009B8BDF /* MyLocationManager.swift */ = {isa = PBXFileReference; lastKnownFileType = sourcecode.swift; path = MyLocationManager.swift; sourceTree = "<group>"; };
		D0D2BD5025F5821C009B8BDF /* LocationLog.swift */ = {isa = PBXFileReference; lastKnownFileType = sourcecode.swift; path = LocationLog.swift; sourceTree = "<group>"; };
		D0D2BD5225F6D0F1009B8BDF /* Settings.swift */ = {isa = PBXFileReference; lastKnownFileType = sourcecode.swift; path = Settings.swift; sourceTree = "<group>"; };
		D0D2BD5425F6E6E7009B8BDF /* InputViewWithLabel.swift */ = {isa = PBXFileReference; lastKnownFileType = sourcecode.swift; path = InputViewWithLabel.swift; sourceTree = "<group>"; };
/* End PBXFileReference section */

/* Begin PBXFrameworksBuildPhase section */
		D0D2BD3225F2EF2A009B8BDF /* Frameworks */ = {
			isa = PBXFrameworksBuildPhase;
			buildActionMask = 2147483647;
			files = (
				E80E37476F02BFCE340ED478 /* Pods_GPSDemoApp.framework in Frameworks */,
			);
			runOnlyForDeploymentPostprocessing = 0;
		};
/* End PBXFrameworksBuildPhase section */

/* Begin PBXGroup section */
		0743BC50F7154F4B3A9E4987 /* Frameworks */ = {
			isa = PBXGroup;
			children = (
				D07471BC2A395C6700B20AD1 /* CSV.framework */,
				C5E16D3C650DB9B1CF02254A /* Pods_GPSDemoApp.framework */,
			);
			name = Frameworks;
			sourceTree = "<group>";
		};
		5D3018438EED513D576CB7BA /* Pods */ = {
			isa = PBXGroup;
			children = (
				90F22A705D9754BAA81B877A /* Pods-GPSDemoApp.debug.xcconfig */,
				22846B7185D5FD2A31037B48 /* Pods-GPSDemoApp.release.xcconfig */,
			);
			path = Pods;
			sourceTree = "<group>";
		};
		D0D2BD2C25F2EF2A009B8BDF = {
			isa = PBXGroup;
			children = (
				D07471C02A3D21C600B20AD1 /* streetsweeping.xcdatamodeld */,
				D0D2BD3725F2EF2A009B8BDF /* GPSDemoApp */,
				D0D2BD3625F2EF2A009B8BDF /* Products */,
				5D3018438EED513D576CB7BA /* Pods */,
				0743BC50F7154F4B3A9E4987 /* Frameworks */,
			);
			sourceTree = "<group>";
		};
		D0D2BD3625F2EF2A009B8BDF /* Products */ = {
			isa = PBXGroup;
			children = (
				D0D2BD3525F2EF2A009B8BDF /* GPSDemoApp.app */,
			);
			name = Products;
			sourceTree = "<group>";
		};
		D0D2BD3725F2EF2A009B8BDF /* GPSDemoApp */ = {
			isa = PBXGroup;
			children = (
				D067AE5C2AAA3E3500DC8C31 /* CalendarMgr.swift */,
				D0AF1DA82A6F2C6000D0FAE5 /* vectors.swift */,
				D0D2BD3825F2EF2A009B8BDF /* AppDelegate.swift */,
				D0118D9D2A5C7B7A000750A3 /* DotAnnotationView.swift */,
				D0D2BD3A25F2EF2A009B8BDF /* SceneDelegate.swift */,
				D0D2BD3C25F2EF2A009B8BDF /* ViewController.swift */,
				D0D2BD4C25F2EF56009B8BDF /* ViewModel.swift */,
				D0D2BD5425F6E6E7009B8BDF /* InputViewWithLabel.swift */,
				D0118D532A5C51C3000750A3 /* ControlsView.swift */,
				D0D2BD4E25F2F014009B8BDF /* MyLocationManager.swift */,
				D07471C32A3DAEF500B20AD1 /* RowStreetSweeping.swift */,
				D07471B82A39050D00B20AD1 /* StreetSweepMgr.swift */,
				D0D2BD5225F6D0F1009B8BDF /* Settings.swift */,
				D0118DA02A6B3990000750A3 /* CLLocation+Equabable.swift */,
				D0D2BD5025F5821C009B8BDF /* LocationLog.swift */,
				D07471BE2A3CF66D00B20AD1 /* Config.swift */,
				D0D2BD4125F2EF2B009B8BDF /* Assets.xcassets */,
				D0D2BD4325F2EF2B009B8BDF /* LaunchScreen.storyboard */,
				D07471BA2A390A6300B20AD1 /* Street_Sweeping_Schedule_sf.csv */,
				D0118D992A5C643C000750A3 /* Main.storyboard */,
				D07471C52A3E253F00B20AD1 /* sweep_schedule_sf.db */,
			);
			path = GPSDemoApp;
			sourceTree = "<group>";
		};
/* End PBXGroup section */

/* Begin PBXNativeTarget section */
		D0D2BD3425F2EF2A009B8BDF /* GPSDemoApp */ = {
			isa = PBXNativeTarget;
			buildConfigurationList = D0D2BD4925F2EF2B009B8BDF /* Build configuration list for PBXNativeTarget "GPSDemoApp" */;
			buildPhases = (
				7F7095A38A611A05CF83DEB5 /* [CP] Check Pods Manifest.lock */,
				D0D2BD3125F2EF2A009B8BDF /* Sources */,
				D0D2BD3225F2EF2A009B8BDF /* Frameworks */,
				D0D2BD3325F2EF2A009B8BDF /* Resources */,
				C7F798488B58C4D29F5862F2 /* [CP] Embed Pods Frameworks */,
			);
			buildRules = (
			);
			dependencies = (
			);
			name = GPSDemoApp;
			productName = GPSDemoApp;
			productReference = D0D2BD3525F2EF2A009B8BDF /* GPSDemoApp.app */;
			productType = "com.apple.product-type.application";
		};
/* End PBXNativeTarget section */

/* Begin PBXProject section */
		D0D2BD2D25F2EF2A009B8BDF /* Project object */ = {
			isa = PBXProject;
			attributes = {
				BuildIndependentTargetsInParallel = YES;
				LastSwiftUpdateCheck = 1130;
				LastUpgradeCheck = 1430;
				ORGANIZATIONNAME = "Justin Brady";
				TargetAttributes = {
					D0D2BD3425F2EF2A009B8BDF = {
						CreatedOnToolsVersion = 11.3.1;
					};
				};
			};
			buildConfigurationList = D0D2BD3025F2EF2A009B8BDF /* Build configuration list for PBXProject "GPSDemoApp" */;
			compatibilityVersion = "Xcode 9.3";
			developmentRegion = en;
			hasScannedForEncodings = 0;
			knownRegions = (
				en,
				Base,
			);
			mainGroup = D0D2BD2C25F2EF2A009B8BDF;
			productRefGroup = D0D2BD3625F2EF2A009B8BDF /* Products */;
			projectDirPath = "";
			projectRoot = "";
			targets = (
				D0D2BD3425F2EF2A009B8BDF /* GPSDemoApp */,
			);
		};
/* End PBXProject section */

/* Begin PBXResourcesBuildPhase section */
		D0D2BD3325F2EF2A009B8BDF /* Resources */ = {
			isa = PBXResourcesBuildPhase;
			buildActionMask = 2147483647;
			files = (
				D07471C62A3E253F00B20AD1 /* sweep_schedule_sf.db in Resources */,
				D0D2BD4525F2EF2B009B8BDF /* LaunchScreen.storyboard in Resources */,
				D0D2BD4225F2EF2B009B8BDF /* Assets.xcassets in Resources */,
				D0118D9A2A5C643C000750A3 /* Main.storyboard in Resources */,
			);
			runOnlyForDeploymentPostprocessing = 0;
		};
/* End PBXResourcesBuildPhase section */

/* Begin PBXShellScriptBuildPhase section */
		7F7095A38A611A05CF83DEB5 /* [CP] Check Pods Manifest.lock */ = {
			isa = PBXShellScriptBuildPhase;
			buildActionMask = 2147483647;
			files = (
			);
			inputFileListPaths = (
			);
			inputPaths = (
				"${PODS_PODFILE_DIR_PATH}/Podfile.lock",
				"${PODS_ROOT}/Manifest.lock",
			);
			name = "[CP] Check Pods Manifest.lock";
			outputFileListPaths = (
			);
			outputPaths = (
				"$(DERIVED_FILE_DIR)/Pods-GPSDemoApp-checkManifestLockResult.txt",
			);
			runOnlyForDeploymentPostprocessing = 0;
			shellPath = /bin/sh;
			shellScript = "diff \"${PODS_PODFILE_DIR_PATH}/Podfile.lock\" \"${PODS_ROOT}/Manifest.lock\" > /dev/null\nif [ $? != 0 ] ; then\n    # print error to STDERR\n    echo \"error: The sandbox is not in sync with the Podfile.lock. Run 'pod install' or update your CocoaPods installation.\" >&2\n    exit 1\nfi\n# This output is used by Xcode 'outputs' to avoid re-running this script phase.\necho \"SUCCESS\" > \"${SCRIPT_OUTPUT_FILE_0}\"\n";
			showEnvVarsInLog = 0;
		};
		C7F798488B58C4D29F5862F2 /* [CP] Embed Pods Frameworks */ = {
			isa = PBXShellScriptBuildPhase;
			buildActionMask = 2147483647;
			files = (
			);
			inputFileListPaths = (
				"${PODS_ROOT}/Target Support Files/Pods-GPSDemoApp/Pods-GPSDemoApp-frameworks-${CONFIGURATION}-input-files.xcfilelist",
			);
			name = "[CP] Embed Pods Frameworks";
			outputFileListPaths = (
				"${PODS_ROOT}/Target Support Files/Pods-GPSDemoApp/Pods-GPSDemoApp-frameworks-${CONFIGURATION}-output-files.xcfilelist",
			);
			runOnlyForDeploymentPostprocessing = 0;
			shellPath = /bin/sh;
			shellScript = "\"${PODS_ROOT}/Target Support Files/Pods-GPSDemoApp/Pods-GPSDemoApp-frameworks.sh\"\n";
			showEnvVarsInLog = 0;
		};
/* End PBXShellScriptBuildPhase section */

/* Begin PBXSourcesBuildPhase section */
		D0D2BD3125F2EF2A009B8BDF /* Sources */ = {
			isa = PBXSourcesBuildPhase;
			buildActionMask = 2147483647;
			files = (
				D07471B92A39050D00B20AD1 /* StreetSweepMgr.swift in Sources */,
				D0D2BD3D25F2EF2A009B8BDF /* ViewController.swift in Sources */,
				D0D2BD4F25F2F014009B8BDF /* MyLocationManager.swift in Sources */,
				D07471C42A3DAEF500B20AD1 /* RowStreetSweeping.swift in Sources */,
				D0118D542A5C51C3000750A3 /* ControlsView.swift in Sources */,
				D0118D9E2A5C7B7A000750A3 /* DotAnnotationView.swift in Sources */,
				D067AE5D2AAA3E3500DC8C31 /* CalendarMgr.swift in Sources */,
				D07471C22A3D21C600B20AD1 /* streetsweeping.xcdatamodeld in Sources */,
				D0D2BD3925F2EF2A009B8BDF /* AppDelegate.swift in Sources */,
				D0D2BD4D25F2EF56009B8BDF /* ViewModel.swift in Sources */,
				D0D2BD5325F6D0F1009B8BDF /* Settings.swift in Sources */,
				D0D2BD3B25F2EF2A009B8BDF /* SceneDelegate.swift in Sources */,
				D07471BF2A3CF66D00B20AD1 /* Config.swift in Sources */,
				D0D2BD5525F6E6E7009B8BDF /* InputViewWithLabel.swift in Sources */,
				D0D2BD5125F5821C009B8BDF /* LocationLog.swift in Sources */,
				D0AF1DA92A6F2C6000D0FAE5 /* vectors.swift in Sources */,
				D0118DA12A6B3990000750A3 /* CLLocation+Equabable.swift in Sources */,
			);
			runOnlyForDeploymentPostprocessing = 0;
		};
/* End PBXSourcesBuildPhase section */

/* Begin PBXVariantGroup section */
		D0D2BD4325F2EF2B009B8BDF /* LaunchScreen.storyboard */ = {
			isa = PBXVariantGroup;
			children = (
				D0D2BD4425F2EF2B009B8BDF /* Base */,
			);
			name = LaunchScreen.storyboard;
			sourceTree = "<group>";
		};
/* End PBXVariantGroup section */

/* Begin XCBuildConfiguration section */
		D0D2BD4725F2EF2B009B8BDF /* Debug */ = {
			isa = XCBuildConfiguration;
			buildSettings = {
				CLANG_ANALYZER_NONNULL = YES;
				CLANG_ANALYZER_NUMBER_OBJECT_CONVERSION = YES_AGGRESSIVE;
				CLANG_CXX_LANGUAGE_STANDARD = "gnu++14";
				CLANG_CXX_LIBRARY = "libc++";
				CLANG_ENABLE_MODULES = YES;
				CLANG_ENABLE_OBJC_WEAK = YES;
				CLANG_WARN_BLOCK_CAPTURE_AUTORELEASING = YES;
				CLANG_WARN_BOOL_CONVERSION = YES;
				CLANG_WARN_COMMA = YES;
				CLANG_WARN_CONSTANT_CONVERSION = YES;
				CLANG_WARN_DEPRECATED_OBJC_IMPLEMENTATIONS = YES;
				CLANG_WARN_DIRECT_OBJC_ISA_USAGE = YES_ERROR;
				CLANG_WARN_DOCUMENTATION_COMMENTS = YES;
				CLANG_WARN_EMPTY_BODY = YES;
				CLANG_WARN_ENUM_CONVERSION = YES;
				CLANG_WARN_INFINITE_RECURSION = YES;
				CLANG_WARN_INT_CONVERSION = YES;
				CLANG_WARN_NON_LITERAL_NULL_CONVERSION = YES;
				CLANG_WARN_OBJC_IMPLICIT_RETAIN_SELF = YES;
				CLANG_WARN_OBJC_LITERAL_CONVERSION = YES;
				CLANG_WARN_OBJC_ROOT_CLASS = YES_ERROR;
				CLANG_WARN_QUOTED_INCLUDE_IN_FRAMEWORK_HEADER = YES;
				CLANG_WARN_RANGE_LOOP_ANALYSIS = YES;
				CLANG_WARN_STRICT_PROTOTYPES = YES;
				CLANG_WARN_SUSPICIOUS_MOVE = YES;
				CLANG_WARN_UNGUARDED_AVAILABILITY = YES_AGGRESSIVE;
				CLANG_WARN_UNREACHABLE_CODE = YES;
				CLANG_WARN__DUPLICATE_METHOD_MATCH = YES;
				COPY_PHASE_STRIP = NO;
				DEBUG_INFORMATION_FORMAT = dwarf;
				ENABLE_STRICT_OBJC_MSGSEND = YES;
				ENABLE_TESTABILITY = YES;
				GCC_C_LANGUAGE_STANDARD = gnu11;
				GCC_DYNAMIC_NO_PIC = NO;
				GCC_NO_COMMON_BLOCKS = YES;
				GCC_OPTIMIZATION_LEVEL = 0;
				GCC_PREPROCESSOR_DEFINITIONS = (
					"DEBUG=1",
					"$(inherited)",
				);
				GCC_WARN_64_TO_32_BIT_CONVERSION = YES;
				GCC_WARN_ABOUT_RETURN_TYPE = YES_ERROR;
				GCC_WARN_UNDECLARED_SELECTOR = YES;
				GCC_WARN_UNINITIALIZED_AUTOS = YES_AGGRESSIVE;
				GCC_WARN_UNUSED_FUNCTION = YES;
				GCC_WARN_UNUSED_VARIABLE = YES;
				IPHONEOS_DEPLOYMENT_TARGET = 13.2;
				MTL_ENABLE_DEBUG_INFO = INCLUDE_SOURCE;
				MTL_FAST_MATH = YES;
				ONLY_ACTIVE_ARCH = YES;
				SDKROOT = iphoneos;
				SWIFT_ACTIVE_COMPILATION_CONDITIONS = DEBUG;
				SWIFT_OPTIMIZATION_LEVEL = "-Onone";
			};
			name = Debug;
		};
		D0D2BD4825F2EF2B009B8BDF /* Release */ = {
			isa = XCBuildConfiguration;
			buildSettings = {
				CLANG_ANALYZER_NONNULL = YES;
				CLANG_ANALYZER_NUMBER_OBJECT_CONVERSION = YES_AGGRESSIVE;
				CLANG_CXX_LANGUAGE_STANDARD = "gnu++14";
				CLANG_CXX_LIBRARY = "libc++";
				CLANG_ENABLE_MODULES = YES;
				CLANG_ENABLE_OBJC_WEAK = YES;
				CLANG_WARN_BLOCK_CAPTURE_AUTORELEASING = YES;
				CLANG_WARN_BOOL_CONVERSION = YES;
				CLANG_WARN_COMMA = YES;
				CLANG_WARN_CONSTANT_CONVERSION = YES;
				CLANG_WARN_DEPRECATED_OBJC_IMPLEMENTATIONS = YES;
				CLANG_WARN_DIRECT_OBJC_ISA_USAGE = YES_ERROR;
				CLANG_WARN_DOCUMENTATION_COMMENTS = YES;
				CLANG_WARN_EMPTY_BODY = YES;
				CLANG_WARN_ENUM_CONVERSION = YES;
				CLANG_WARN_INFINITE_RECURSION = YES;
				CLANG_WARN_INT_CONVERSION = YES;
				CLANG_WARN_NON_LITERAL_NULL_CONVERSION = YES;
				CLANG_WARN_OBJC_IMPLICIT_RETAIN_SELF = YES;
				CLANG_WARN_OBJC_LITERAL_CONVERSION = YES;
				CLANG_WARN_OBJC_ROOT_CLASS = YES_ERROR;
				CLANG_WARN_QUOTED_INCLUDE_IN_FRAMEWORK_HEADER = YES;
				CLANG_WARN_RANGE_LOOP_ANALYSIS = YES;
				CLANG_WARN_STRICT_PROTOTYPES = YES;
				CLANG_WARN_SUSPICIOUS_MOVE = YES;
				CLANG_WARN_UNGUARDED_AVAILABILITY = YES_AGGRESSIVE;
				CLANG_WARN_UNREACHABLE_CODE = YES;
				CLANG_WARN__DUPLICATE_METHOD_MATCH = YES;
				COPY_PHASE_STRIP = NO;
				DEBUG_INFORMATION_FORMAT = "dwarf-with-dsym";
				ENABLE_NS_ASSERTIONS = NO;
				ENABLE_STRICT_OBJC_MSGSEND = YES;
				GCC_C_LANGUAGE_STANDARD = gnu11;
				GCC_NO_COMMON_BLOCKS = YES;
				GCC_WARN_64_TO_32_BIT_CONVERSION = YES;
				GCC_WARN_ABOUT_RETURN_TYPE = YES_ERROR;
				GCC_WARN_UNDECLARED_SELECTOR = YES;
				GCC_WARN_UNINITIALIZED_AUTOS = YES_AGGRESSIVE;
				GCC_WARN_UNUSED_FUNCTION = YES;
				GCC_WARN_UNUSED_VARIABLE = YES;
				IPHONEOS_DEPLOYMENT_TARGET = 13.2;
				MTL_ENABLE_DEBUG_INFO = NO;
				MTL_FAST_MATH = YES;
				SDKROOT = iphoneos;
				SWIFT_COMPILATION_MODE = wholemodule;
				SWIFT_OPTIMIZATION_LEVEL = "-O";
				VALIDATE_PRODUCT = YES;
			};
			name = Release;
		};
		D0D2BD4A25F2EF2B009B8BDF /* Debug */ = {
			isa = XCBuildConfiguration;
			baseConfigurationReference = 90F22A705D9754BAA81B877A /* Pods-GPSDemoApp.debug.xcconfig */;
			buildSettings = {
				ASSETCATALOG_COMPILER_APPICON_NAME = AppIcon;
				CODE_SIGN_STYLE = Automatic;
				DEVELOPMENT_TEAM = ZQVH66AQJ9;
				INFOPLIST_FILE = GPSDemoApp/Info.plist;
				LD_RUNPATH_SEARCH_PATHS = (
					"$(inherited)",
					"@executable_path/Frameworks",
				);
				PRODUCT_BUNDLE_IDENTIFIER = com.domain17.GPSDemoApp;
				PRODUCT_NAME = "$(TARGET_NAME)";
				SWIFT_VERSION = 5.0;
				TARGETED_DEVICE_FAMILY = "1,2";
			};
			name = Debug;
		};
		D0D2BD4B25F2EF2B009B8BDF /* Release */ = {
			isa = XCBuildConfiguration;
			baseConfigurationReference = 22846B7185D5FD2A31037B48 /* Pods-GPSDemoApp.release.xcconfig */;
			buildSettings = {
				ASSETCATALOG_COMPILER_APPICON_NAME = AppIcon;
				CODE_SIGN_STYLE = Automatic;
				DEVELOPMENT_TEAM = ZQVH66AQJ9;
				INFOPLIST_FILE = GPSDemoApp/Info.plist;
				LD_RUNPATH_SEARCH_PATHS = (
					"$(inherited)",
					"@executable_path/Frameworks",
				);
				PRODUCT_BUNDLE_IDENTIFIER = com.domain17.GPSDemoApp;
				PRODUCT_NAME = "$(TARGET_NAME)";
				SWIFT_VERSION = 5.0;
				TARGETED_DEVICE_FAMILY = "1,2";
			};
			name = Release;
		};
/* End XCBuildConfiguration section */

/* Begin XCConfigurationList section */
		D0D2BD3025F2EF2A009B8BDF /* Build configuration list for PBXProject "GPSDemoApp" */ = {
			isa = XCConfigurationList;
			buildConfigurations = (
				D0D2BD4725F2EF2B009B8BDF /* Debug */,
				D0D2BD4825F2EF2B009B8BDF /* Release */,
			);
			defaultConfigurationIsVisible = 0;
			defaultConfigurationName = Release;
		};
		D0D2BD4925F2EF2B009B8BDF /* Build configuration list for PBXNativeTarget "GPSDemoApp" */ = {
			isa = XCConfigurationList;
			buildConfigurations = (
				D0D2BD4A25F2EF2B009B8BDF /* Debug */,
				D0D2BD4B25F2EF2B009B8BDF /* Release */,
			);
			defaultConfigurationIsVisible = 0;
			defaultConfigurationName = Release;
		};
/* End XCConfigurationList section */

/* Begin XCVersionGroup section */
		D07471C02A3D21C600B20AD1 /* streetsweeping.xcdatamodeld */ = {
			isa = XCVersionGroup;
			children = (
				D07471C12A3D21C600B20AD1 /* streetsweeping.xcdatamodel */,
			);
			currentVersion = D07471C12A3D21C600B20AD1 /* streetsweeping.xcdatamodel */;
			path = streetsweeping.xcdatamodeld;
			sourceTree = "<group>";
			versionGroupType = wrapper.xcdatamodel;
		};
/* End XCVersionGroup section */
	};
	rootObject = D0D2BD2D25F2EF2A009B8BDF /* Project object */;
}
